
Microsoft Visual Studio Solution File, Format Version 11.00
# Visual Studio 2010
Project("{FAE04EC0-301F-11D3-BF4B-00C04F79EFBC}") = "interfacegraphe", "interfacegraphe\interfacegraphe.csproj", "{9B422A1C-ACF0-454F-AA61-78A138DE69DE}"
EndProject
Project("{FAE04EC0-301F-11D3-BF4B-00C04F79EFBC}") = "DLLgraphe", "DLLgraphe\DLLgraphe.csproj", "{15E774C6-12B9-4243-8D82-3FC317A93DA6}"
EndProject
Project("{FAE04EC0-301F-11D3-BF4B-00C04F79EFBC}") = "consolegraphe", "consolegraphe\consolegraphe.csproj", "{92AE94F3-0E68-4A37-8962-1923BCEE0243}"
EndProject
Global
	GlobalSection(SolutionConfigurationPlatforms) = preSolution
		Debug|Any CPU = Debug|Any CPU
		Debug|Mixed Platforms = Debug|Mixed Platforms
		Debug|x86 = Debug|x86
		Release|Any CPU = Release|Any CPU
		Release|Mixed Platforms = Release|Mixed Platforms
		Release|x86 = Release|x86
	EndGlobalSection
	GlobalSection(ProjectConfigurationPlatforms) = postSolution
		{9B422A1C-ACF0-454F-AA61-78A138DE69DE}.Debug|Any CPU.ActiveCfg = Debug|x86
		{9B422A1C-ACF0-454F-AA61-78A138DE69DE}.Debug|Mixed Platforms.ActiveCfg = Debug|x86
		{9B422A1C-ACF0-454F-AA61-78A138DE69DE}.Debug|Mixed Platforms.Build.0 = Debug|x86
		{9B422A1C-ACF0-454F-AA61-78A138DE69DE}.Debug|x86.ActiveCfg = Debug|x86
		{9B422A1C-ACF0-454F-AA61-78A138DE69DE}.Debug|x86.Build.0 = Debug|x86
		{9B422A1C-ACF0-454F-AA61-78A138DE69DE}.Release|Any CPU.ActiveCfg = Release|x86
		{9B422A1C-ACF0-454F-AA61-78A138DE69DE}.Release|Mixed Platforms.ActiveCfg = Release|x86
		{9B422A1C-ACF0-454F-AA61-78A138DE69DE}.Release|Mixed Platforms.Build.0 = Release|x86
		{9B422A1C-ACF0-454F-AA61-78A138DE69DE}.Release|x86.ActiveCfg = Release|x86
		{9B422A1C-ACF0-454F-AA61-78A138DE69DE}.Release|x86.Build.0 = Release|x86
		{15E774C6-12B9-4243-8D82-3FC317A93DA6}.Debug|Any CPU.ActiveCfg = Debug|Any CPU
		{15E774C6-12B9-4243-8D82-3FC317A93DA6}.Debug|Any CPU.Build.0 = Debug|Any CPU
		{15E774C6-12B9-4243-8D82-3FC317A93DA6}.Debug|Mixed Platforms.ActiveCfg = Debug|Any CPU
		{15E774C6-12B9-4243-8D82-3FC317A93DA6}.Debug|Mixed Platforms.Build.0 = Debug|Any CPU
		{15E774C6-12B9-4243-8D82-3FC317A93DA6}.Debug|x86.ActiveCfg = Debug|Any CPU
		{15E774C6-12B9-4243-8D82-3FC317A93DA6}.Release|Any CPU.ActiveCfg = Release|Any CPU
		{15E774C6-12B9-4243-8D82-3FC317A93DA6}.Release|Any CPU.Build.0 = Release|Any CPU
		{15E774C6-12B9-4243-8D82-3FC317A93DA6}.Release|Mixed Platforms.ActiveCfg = Release|Any CPU
		{15E774C6-12B9-4243-8D82-3FC317A93DA6}.Release|Mixed Platforms.Build.0 = Release|Any CPU
		{15E774C6-12B9-4243-8D82-3FC317A93DA6}.Release|x86.ActiveCfg = Release|Any CPU
		{92AE94F3-0E68-4A37-8962-1923BCEE0243}.Debug|Any CPU.ActiveCfg = Debug|x86
		{92AE94F3-0E68-4A37-8962-1923BCEE0243}.Debug|Mixed Platforms.ActiveCfg = Debug|x86
		{92AE94F3-0E68-4A37-8962-1923BCEE0243}.Debug|Mixed Platforms.Build.0 = Debug|x86
		{92AE94F3-0E68-4A37-8962-1923BCEE0243}.Debug|x86.ActiveCfg = Debug|x86
		{92AE94F3-0E68-4A37-8962-1923BCEE0243}.Debug|x86.Build.0 = Debug|x86
		{92AE94F3-0E68-4A37-8962-1923BCEE0243}.Release|Any CPU.ActiveCfg = Release|x86
		{92AE94F3-0E68-4A37-8962-1923BCEE0243}.Release|Mixed Platforms.ActiveCfg = Release|x86
		{92AE94F3-0E68-4A37-8962-1923BCEE0243}.Release|Mixed Platforms.Build.0 = Release|x86
		{92AE94F3-0E68-4A37-8962-1923BCEE0243}.Release|x86.ActiveCfg = Release|x86
		{92AE94F3-0E68-4A37-8962-1923BCEE0243}.Release|x86.Build.0 = Release|x86
	EndGlobalSection
	GlobalSection(SolutionProperties) = preSolution
		HideSolutionNode = FALSE
	EndGlobalSection
EndGlobal
